// !$*UTF8*$!
{
	archiveVersion = 1;
	classes = {
	};
	objectVersion = 46;
	objects = {

/* Begin PBXBuildFile section */
		968C435C1E0D567D0006778E /* main.m in Sources */ = {isa = PBXBuildFile; fileRef = 968C435B1E0D567D0006778E /* main.m */; };
		968C435F1E0D567D0006778E /* AppDelegate.m in Sources */ = {isa = PBXBuildFile; fileRef = 968C435E1E0D567D0006778E /* AppDelegate.m */; };
		968C43621E0D567D0006778E /* ViewController.m in Sources */ = {isa = PBXBuildFile; fileRef = 968C43611E0D567D0006778E /* ViewController.m */; };
		968C43651E0D567D0006778E /* Main.storyboard in Resources */ = {isa = PBXBuildFile; fileRef = 968C43631E0D567D0006778E /* Main.storyboard */; };
		968C43671E0D567D0006778E /* Assets.xcassets in Resources */ = {isa = PBXBuildFile; fileRef = 968C43661E0D567D0006778E /* Assets.xcassets */; };
		968C436A1E0D567D0006778E /* LaunchScreen.storyboard in Resources */ = {isa = PBXBuildFile; fileRef = 968C43681E0D567D0006778E /* LaunchScreen.storyboard */; };
		968C43751E0D567D0006778E /* ___CollectionView__Tests.m in Sources */ = {isa = PBXBuildFile; fileRef = 968C43741E0D567D0006778E /* ___CollectionView__Tests.m */; };
		968C43801E0D567D0006778E /* ___CollectionView__UITests.m in Sources */ = {isa = PBXBuildFile; fileRef = 968C437F1E0D567D0006778E /* ___CollectionView__UITests.m */; };
		968C43901E0DEDE50006778E /* MyImageCell.m in Sources */ = {isa = PBXBuildFile; fileRef = 968C438E1E0DEDE50006778E /* MyImageCell.m */; };
		968C43911E0DEDE50006778E /* MyImageCell.xib in Resources */ = {isa = PBXBuildFile; fileRef = 968C438F1E0DEDE50006778E /* MyImageCell.xib */; };
		968C43941E0E02D10006778E /* MyLayout.m in Sources */ = {isa = PBXBuildFile; fileRef = 968C43931E0E02D10006778E /* MyLayout.m */; };
/* End PBXBuildFile section */

/* Begin PBXContainerItemProxy section */
		968C43711E0D567D0006778E /* PBXContainerItemProxy */ = {
			isa = PBXContainerItemProxy;
			containerPortal = 968C434F1E0D567D0006778E /* Project object */;
			proxyType = 1;
			remoteGlobalIDString = 968C43561E0D567D0006778E;
			remoteInfo = "自定义CollectionView布局";
		};
		968C437C1E0D567D0006778E /* PBXContainerItemProxy */ = {
			isa = PBXContainerItemProxy;
			containerPortal = 968C434F1E0D567D0006778E /* Project object */;
			proxyType = 1;
			remoteGlobalIDString = 968C43561E0D567D0006778E;
			remoteInfo = "自定义CollectionView布局";
		};
/* End PBXContainerItemProxy section */

/* Begin PBXFileReference section */
		968C43571E0D567D0006778E /* 自定义CollectionView布局.app */ = {isa = PBXFileReference; explicitFileType = wrapper.application; includeInIndex = 0; path = "自定义CollectionView布局.app"; sourceTree = BUILT_PRODUCTS_DIR; };
		968C435B1E0D567D0006778E /* main.m */ = {isa = PBXFileReference; lastKnownFileType = sourcecode.c.objc; path = main.m; sourceTree = "<group>"; };
		968C435D1E0D567D0006778E /* AppDelegate.h */ = {isa = PBXFileReference; lastKnownFileType = sourcecode.c.h; path = AppDelegate.h; sourceTree = "<group>"; };
		968C435E1E0D567D0006778E /* AppDelegate.m */ = {isa = PBXFileReference; lastKnownFileType = sourcecode.c.objc; path = AppDelegate.m; sourceTree = "<group>"; };
		968C43601E0D567D0006778E /* ViewController.h */ = {isa = PBXFileReference; lastKnownFileType = sourcecode.c.h; path = ViewController.h; sourceTree = "<group>"; };
		968C43611E0D567D0006778E /* ViewController.m */ = {isa = PBXFileReference; lastKnownFileType = sourcecode.c.objc; path = ViewController.m; sourceTree = "<group>"; };
		968C43641E0D567D0006778E /* Base */ = {isa = PBXFileReference; lastKnownFileType = file.storyboard; name = Base; path = Base.lproj/Main.storyboard; sourceTree = "<group>"; };
		968C43661E0D567D0006778E /* Assets.xcassets */ = {isa = PBXFileReference; lastKnownFileType = folder.assetcatalog; path = Assets.xcassets; sourceTree = "<group>"; };
		968C43691E0D567D0006778E /* Base */ = {isa = PBXFileReference; lastKnownFileType = file.storyboard; name = Base; path = Base.lproj/LaunchScreen.storyboard; sourceTree = "<group>"; };
		968C436B1E0D567D0006778E /* Info.plist */ = {isa = PBXFileReference; lastKnownFileType = text.plist.xml; path = Info.plist; sourceTree = "<group>"; };
		968C43701E0D567D0006778E /* 自定义CollectionView布局Tests.xctest */ = {isa = PBXFileReference; explicitFileType = wrapper.cfbundle; includeInIndex = 0; path = "自定义CollectionView布局Tests.xctest"; sourceTree = BUILT_PRODUCTS_DIR; };
		968C43741E0D567D0006778E /* ___CollectionView__Tests.m */ = {isa = PBXFileReference; lastKnownFileType = sourcecode.c.objc; path = "___CollectionView__Tests.m"; sourceTree = "<group>"; };
		968C43761E0D567D0006778E /* Info.plist */ = {isa = PBXFileReference; lastKnownFileType = text.plist.xml; path = Info.plist; sourceTree = "<group>"; };
		968C437B1E0D567D0006778E /* 自定义CollectionView布局UITests.xctest */ = {isa = PBXFileReference; explicitFileType = wrapper.cfbundle; includeInIndex = 0; path = "自定义CollectionView布局UITests.xctest"; sourceTree = BUILT_PRODUCTS_DIR; };
		968C437F1E0D567D0006778E /* ___CollectionView__UITests.m */ = {isa = PBXFileReference; lastKnownFileType = sourcecode.c.objc; path = "___CollectionView__UITests.m"; sourceTree = "<group>"; };
		968C43811E0D567D0006778E /* Info.plist */ = {isa = PBXFileReference; lastKnownFileType = text.plist.xml; path = Info.plist; sourceTree = "<group>"; };
		968C438D1E0DEDE50006778E /* MyImageCell.h */ = {isa = PBXFileReference; fileEncoding = 4; lastKnownFileType = sourcecode.c.h; path = MyImageCell.h; sourceTree = "<group>"; };
		968C438E1E0DEDE50006778E /* MyImageCell.m */ = {isa = PBXFileReference; fileEncoding = 4; lastKnownFileType = sourcecode.c.objc; path = MyImageCell.m; sourceTree = "<group>"; };
		968C438F1E0DEDE50006778E /* MyImageCell.xib */ = {isa = PBXFileReference; fileEncoding = 4; lastKnownFileType = file.xib; path = MyImageCell.xib; sourceTree = "<group>"; };
		968C43921E0E02D10006778E /* MyLayout.h */ = {isa = PBXFileReference; fileEncoding = 4; lastKnownFileType = sourcecode.c.h; path = MyLayout.h; sourceTree = "<group>"; };
		968C43931E0E02D10006778E /* MyLayout.m */ = {isa = PBXFileReference; fileEncoding = 4; lastKnownFileType = sourcecode.c.objc; path = MyLayout.m; sourceTree = "<group>"; };
/* End PBXFileReference section */

/* Begin PBXFrameworksBuildPhase section */
		968C43541E0D567D0006778E /* Frameworks */ = {
			isa = PBXFrameworksBuildPhase;
			buildActionMask = 2147483647;
			files = (
			);
			runOnlyForDeploymentPostprocessing = 0;
		};
		968C436D1E0D567D0006778E /* Frameworks */ = {
			isa = PBXFrameworksBuildPhase;
			buildActionMask = 2147483647;
			files = (
			);
			runOnlyForDeploymentPostprocessing = 0;
		};
		968C43781E0D567D0006778E /* Frameworks */ = {
			isa = PBXFrameworksBuildPhase;
			buildActionMask = 2147483647;
			files = (
			);
			runOnlyForDeploymentPostprocessing = 0;
		};
/* End PBXFrameworksBuildPhase section */

/* Begin PBXGroup section */
		968C434E1E0D567D0006778E = {
			isa = PBXGroup;
			children = (
				968C43591E0D567D0006778E /* 自定义CollectionView布局 */,
				968C43731E0D567D0006778E /* 自定义CollectionView布局Tests */,
				968C437E1E0D567D0006778E /* 自定义CollectionView布局UITests */,
				968C43581E0D567D0006778E /* Products */,
			);
			sourceTree = "<group>";
		};
		968C43581E0D567D0006778E /* Products */ = {
			isa = PBXGroup;
			children = (
				968C43571E0D567D0006778E /* 自定义CollectionView布局.app */,
				968C43701E0D567D0006778E /* 自定义CollectionView布局Tests.xctest */,
				968C437B1E0D567D0006778E /* 自定义CollectionView布局UITests.xctest */,
			);
			name = Products;
			sourceTree = "<group>";
		};
		968C43591E0D567D0006778E /* 自定义CollectionView布局 */ = {
			isa = PBXGroup;
			children = (
				968C435D1E0D567D0006778E /* AppDelegate.h */,
				968C435E1E0D567D0006778E /* AppDelegate.m */,
				968C43601E0D567D0006778E /* ViewController.h */,
				968C43611E0D567D0006778E /* ViewController.m */,
				968C43631E0D567D0006778E /* Main.storyboard */,
				968C438D1E0DEDE50006778E /* MyImageCell.h */,
				968C438E1E0DEDE50006778E /* MyImageCell.m */,
				968C438F1E0DEDE50006778E /* MyImageCell.xib */,
				968C43921E0E02D10006778E /* MyLayout.h */,
				968C43931E0E02D10006778E /* MyLayout.m */,
				968C43661E0D567D0006778E /* Assets.xcassets */,
				968C43681E0D567D0006778E /* LaunchScreen.storyboard */,
				968C436B1E0D567D0006778E /* Info.plist */,
				968C435A1E0D567D0006778E /* Supporting Files */,
			);
			path = "自定义CollectionView布局";
			sourceTree = "<group>";
		};
		968C435A1E0D567D0006778E /* Supporting Files */ = {
			isa = PBXGroup;
			children = (
				968C435B1E0D567D0006778E /* main.m */,
			);
			name = "Supporting Files";
			sourceTree = "<group>";
		};
		968C43731E0D567D0006778E /* 自定义CollectionView布局Tests */ = {
			isa = PBXGroup;
			children = (
				968C43741E0D567D0006778E /* ___CollectionView__Tests.m */,
				968C43761E0D567D0006778E /* Info.plist */,
			);
			path = "自定义CollectionView布局Tests";
			sourceTree = "<group>";
		};
		968C437E1E0D567D0006778E /* 自定义CollectionView布局UITests */ = {
			isa = PBXGroup;
			children = (
				968C437F1E0D567D0006778E /* ___CollectionView__UITests.m */,
				968C43811E0D567D0006778E /* Info.plist */,
			);
			path = "自定义CollectionView布局UITests";
			sourceTree = "<group>";
		};
/* End PBXGroup section */

/* Begin PBXNativeTarget section */
		968C43561E0D567D0006778E /* 自定义CollectionView布局 */ = {
			isa = PBXNativeTarget;
			buildConfigurationList = 968C43841E0D567D0006778E /* Build configuration list for PBXNativeTarget "自定义CollectionView布局" */;
			buildPhases = (
				968C43531E0D567D0006778E /* Sources */,
				968C43541E0D567D0006778E /* Frameworks */,
				968C43551E0D567D0006778E /* Resources */,
			);
			buildRules = (
			);
			dependencies = (
			);
			name = "自定义CollectionView布局";
			productName = "自定义CollectionView布局";
			productReference = 968C43571E0D567D0006778E /* 自定义CollectionView布局.app */;
			productType = "com.apple.product-type.application";
		};
		968C436F1E0D567D0006778E /* 自定义CollectionView布局Tests */ = {
			isa = PBXNativeTarget;
			buildConfigurationList = 968C43871E0D567D0006778E /* Build configuration list for PBXNativeTarget "自定义CollectionView布局Tests" */;
			buildPhases = (
				968C436C1E0D567D0006778E /* Sources */,
				968C436D1E0D567D0006778E /* Frameworks */,
				968C436E1E0D567D0006778E /* Resources */,
			);
			buildRules = (
			);
			dependencies = (
				968C43721E0D567D0006778E /* PBXTargetDependency */,
			);
			name = "自定义CollectionView布局Tests";
			productName = "自定义CollectionView布局Tests";
			productReference = 968C43701E0D567D0006778E /* 自定义CollectionView布局Tests.xctest */;
			productType = "com.apple.product-type.bundle.unit-test";
		};
		968C437A1E0D567D0006778E /* 自定义CollectionView布局UITests */ = {
			isa = PBXNativeTarget;
			buildConfigurationList = 968C438A1E0D567D0006778E /* Build configuration list for PBXNativeTarget "自定义CollectionView布局UITests" */;
			buildPhases = (
				968C43771E0D567D0006778E /* Sources */,
				968C43781E0D567D0006778E /* Frameworks */,
				968C43791E0D567D0006778E /* Resources */,
			);
			buildRules = (
			);
			dependencies = (
				968C437D1E0D567D0006778E /* PBXTargetDependency */,
			);
			name = "自定义CollectionView布局UITests";
			productName = "自定义CollectionView布局UITests";
			productReference = 968C437B1E0D567D0006778E /* 自定义CollectionView布局UITests.xctest */;
			productType = "com.apple.product-type.bundle.ui-testing";
		};
/* End PBXNativeTarget section */

/* Begin PBXProject section */
		968C434F1E0D567D0006778E /* Project object */ = {
			isa = PBXProject;
			attributes = {
				LastUpgradeCheck = 0800;
				ORGANIZATIONNAME = Miss;
				TargetAttributes = {
					968C43561E0D567D0006778E = {
						CreatedOnToolsVersion = 8.0;
						ProvisioningStyle = Automatic;
					};
					968C436F1E0D567D0006778E = {
						CreatedOnToolsVersion = 8.0;
						ProvisioningStyle = Automatic;
						TestTargetID = 968C43561E0D567D0006778E;
					};
					968C437A1E0D567D0006778E = {
						CreatedOnToolsVersion = 8.0;
						ProvisioningStyle = Automatic;
						TestTargetID = 968C43561E0D567D0006778E;
					};
				};
			};
			buildConfigurationList = 968C43521E0D567D0006778E /* Build configuration list for PBXProject "自定义CollectionView布局" */;
			compatibilityVersion = "Xcode 3.2";
			developmentRegion = English;
			hasScannedForEncodings = 0;
			knownRegions = (
				en,
				Base,
			);
			mainGroup = 968C434E1E0D567D0006778E;
			productRefGroup = 968C43581E0D567D0006778E /* Products */;
			projectDirPath = "";
			projectRoot = "";
			targets = (
				968C43561E0D567D0006778E /* 自定义CollectionView布局 */,
				968C436F1E0D567D0006778E /* 自定义CollectionView布局Tests */,
				968C437A1E0D567D0006778E /* 自定义CollectionView布局UITests */,
			);
		};
/* End PBXProject section */

/* Begin PBXResourcesBuildPhase section */
		968C43551E0D567D0006778E /* Resources */ = {
			isa = PBXResourcesBuildPhase;
			buildActionMask = 2147483647;
			files = (
				968C436A1E0D567D0006778E /* LaunchScreen.storyboard in Resources */,
				968C43911E0DEDE50006778E /* MyImageCell.xib in Resources */,
				968C43671E0D567D0006778E /* Assets.xcassets in Resources */,
				968C43651E0D567D0006778E /* Main.storyboard in Resources */,
			);
			runOnlyForDeploymentPostprocessing = 0;
		};
		968C436E1E0D567D0006778E /* Resources */ = {
			isa = PBXResourcesBuildPhase;
			buildActionMask = 2147483647;
			files = (
			);
			runOnlyForDeploymentPostprocessing = 0;
		};
		968C43791E0D567D0006778E /* Resources */ = {
			isa = PBXResourcesBuildPhase;
			buildActionMask = 2147483647;
			files = (
			);
			runOnlyForDeploymentPostprocessing = 0;
		};
/* End PBXResourcesBuildPhase section */

/* Begin PBXSourcesBuildPhase section */
		968C43531E0D567D0006778E /* Sources */ = {
			isa = PBXSourcesBuildPhase;
			buildActionMask = 2147483647;
			files = (
				968C43621E0D567D0006778E /* ViewController.m in Sources */,
				968C43901E0DEDE50006778E /* MyImageCell.m in Sources */,
				968C435F1E0D567D0006778E /* AppDelegate.m in Sources */,
				968C435C1E0D567D0006778E /* main.m in Sources */,
				968C43941E0E02D10006778E /* MyLayout.m in Sources */,
			);
			runOnlyForDeploymentPostprocessing = 0;
		};
		968C436C1E0D567D0006778E /* Sources */ = {
			isa = PBXSourcesBuildPhase;
			buildActionMask = 2147483647;
			files = (
				968C43751E0D567D0006778E /* ___CollectionView__Tests.m in Sources */,
			);
			runOnlyForDeploymentPostprocessing = 0;
		};
		968C43771E0D567D0006778E /* Sources */ = {
			isa = PBXSourcesBuildPhase;
			buildActionMask = 2147483647;
			files = (
				968C43801E0D567D0006778E /* ___CollectionView__UITests.m in Sources */,
			);
			runOnlyForDeploymentPostprocessing = 0;
		};
/* End PBXSourcesBuildPhase section */

/* Begin PBXTargetDependency section */
		968C43721E0D567D0006778E /* PBXTargetDependency */ = {
			isa = PBXTargetDependency;
			target = 968C43561E0D567D0006778E /* 自定义CollectionView布局 */;
			targetProxy = 968C43711E0D567D0006778E /* PBXContainerItemProxy */;
		};
		968C437D1E0D567D0006778E /* PBXTargetDependency */ = {
			isa = PBXTargetDependency;
			target = 968C43561E0D567D0006778E /* 自定义CollectionView布局 */;
			targetProxy = 968C437C1E0D567D0006778E /* PBXContainerItemProxy */;
		};
/* End PBXTargetDependency section */

/* Begin PBXVariantGroup section */
		968C43631E0D567D0006778E /* Main.storyboard */ = {
			isa = PBXVariantGroup;
			children = (
				968C43641E0D567D0006778E /* Base */,
			);
			name = Main.storyboard;
			sourceTree = "<group>";
		};
		968C43681E0D567D0006778E /* LaunchScreen.storyboard */ = {
			isa = PBXVariantGroup;
			children = (
				968C43691E0D567D0006778E /* Base */,
			);
			name = LaunchScreen.storyboard;
			sourceTree = "<group>";
		};
/* End PBXVariantGroup section */

/* Begin XCBuildConfiguration section */
		968C43821E0D567D0006778E /* Debug */ = {
			isa = XCBuildConfiguration;
			buildSettings = {
				ALWAYS_SEARCH_USER_PATHS = NO;
				CLANG_ANALYZER_NONNULL = YES;
				CLANG_CXX_LANGUAGE_STANDARD = "gnu++0x";
				CLANG_CXX_LIBRARY = "libc++";
				CLANG_ENABLE_MODULES = YES;
				CLANG_ENABLE_OBJC_ARC = YES;
				CLANG_WARN_BOOL_CONVERSION = YES;
				CLANG_WARN_CONSTANT_CONVERSION = YES;
				CLANG_WARN_DIRECT_OBJC_ISA_USAGE = YES_ERROR;
				CLANG_WARN_DOCUMENTATION_COMMENTS = YES;
				CLANG_WARN_EMPTY_BODY = YES;
				CLANG_WARN_ENUM_CONVERSION = YES;
				CLANG_WARN_INFINITE_RECURSION = YES;
				CLANG_WARN_INT_CONVERSION = YES;
				CLANG_WARN_OBJC_ROOT_CLASS = YES_ERROR;
				CLANG_WARN_SUSPICIOUS_MOVES = YES;
				CLANG_WARN_UNREACHABLE_CODE = YES;
				CLANG_WARN__DUPLICATE_METHOD_MATCH = YES;
				"CODE_SIGN_IDENTITY[sdk=iphoneos*]" = "iPhone Developer";
				COPY_PHASE_STRIP = NO;
				DEBUG_INFORMATION_FORMAT = dwarf;
				ENABLE_STRICT_OBJC_MSGSEND = YES;
				ENABLE_TESTABILITY = YES;
				GCC_C_LANGUAGE_STANDARD = gnu99;
				GCC_DYNAMIC_NO_PIC = NO;
				GCC_NO_COMMON_BLOCKS = YES;
				GCC_OPTIMIZATION_LEVEL = 0;
				GCC_PREPROCESSOR_DEFINITIONS = (
					"DEBUG=1",
					"$(inherited)",
				);
				GCC_WARN_64_TO_32_BIT_CONVERSION = YES;
				GCC_WARN_ABOUT_RETURN_TYPE = YES_ERROR;
				GCC_WARN_UNDECLARED_SELECTOR = YES;
				GCC_WARN_UNINITIALIZED_AUTOS = YES_AGGRESSIVE;
				GCC_WARN_UNUSED_FUNCTION = YES;
				GCC_WARN_UNUSED_VARIABLE = YES;
				IPHONEOS_DEPLOYMENT_TARGET = 10.0;
				MTL_ENABLE_DEBUG_INFO = YES;
				ONLY_ACTIVE_ARCH = YES;
				SDKROOT = iphoneos;
				TARGETED_DEVICE_FAMILY = "1,2";
			};
			name = Debug;
		};
		968C43831E0D567D0006778E /* Release */ = {
			isa = XCBuildConfiguration;
			buildSettings = {
				ALWAYS_SEARCH_USER_PATHS = NO;
				CLANG_ANALYZER_NONNULL = YES;
				CLANG_CXX_LANGUAGE_STANDARD = "gnu++0x";
				CLANG_CXX_LIBRARY = "libc++";
				CLANG_ENABLE_MODULES = YES;
				CLANG_ENABLE_OBJC_ARC = YES;
				CLANG_WARN_BOOL_CONVERSION = YES;
				CLANG_WARN_CONSTANT_CONVERSION = YES;
				CLANG_WARN_DIRECT_OBJC_ISA_USAGE = YES_ERROR;
				CLANG_WARN_DOCUMENTATION_COMMENTS = YES;
				CLANG_WARN_EMPTY_BODY = YES;
				CLANG_WARN_ENUM_CONVERSION = YES;
				CLANG_WARN_INFINITE_RECURSION = YES;
				CLANG_WARN_INT_CONVERSION = YES;
				CLANG_WARN_OBJC_ROOT_CLASS = YES_ERROR;
				CLANG_WARN_SUSPICIOUS_MOVES = YES;
				CLANG_WARN_UNREACHABLE_CODE = YES;
				CLANG_WARN__DUPLICATE_METHOD_MATCH = YES;
				"CODE_SIGN_IDENTITY[sdk=iphoneos*]" = "iPhone Developer";
				COPY_PHASE_STRIP = NO;
				DEBUG_INFORMATION_FORMAT = "dwarf-with-dsym";
				ENABLE_NS_ASSERTIONS = NO;
				ENABLE_STRICT_OBJC_MSGSEND = YES;
				GCC_C_LANGUAGE_STANDARD = gnu99;
				GCC_NO_COMMON_BLOCKS = YES;
				GCC_WARN_64_TO_32_BIT_CONVERSION = YES;
				GCC_WARN_ABOUT_RETURN_TYPE = YES_ERROR;
				GCC_WARN_UNDECLARED_SELECTOR = YES;
				GCC_WARN_UNINITIALIZED_AUTOS = YES_AGGRESSIVE;
				GCC_WARN_UNUSED_FUNCTION = YES;
				GCC_WARN_UNUSED_VARIABLE = YES;
				IPHONEOS_DEPLOYMENT_TARGET = 10.0;
				MTL_ENABLE_DEBUG_INFO = NO;
				SDKROOT = iphoneos;
				TARGETED_DEVICE_FAMILY = "1,2";
				VALIDATE_PRODUCT = YES;
			};
			name = Release;
		};
		968C43851E0D567D0006778E /* Debug */ = {
			isa = XCBuildConfiguration;
			buildSettings = {
				ASSETCATALOG_COMPILER_APPICON_NAME = AppIcon;
				INFOPLIST_FILE = "自定义CollectionView布局/Info.plist";
				LD_RUNPATH_SEARCH_PATHS = "$(inherited) @executable_path/Frameworks";
				PRODUCT_BUNDLE_IDENTIFIER = "com.xu.---CollectionView--";
				PRODUCT_NAME = "$(TARGET_NAME)";
			};
			name = Debug;
		};
		968C43861E0D567D0006778E /* Release */ = {
			isa = XCBuildConfiguration;
			buildSettings = {
				ASSETCATALOG_COMPILER_APPICON_NAME = AppIcon;
				INFOPLIST_FILE = "自定义CollectionView布局/Info.plist";
				LD_RUNPATH_SEARCH_PATHS = "$(inherited) @executable_path/Frameworks";
				PRODUCT_BUNDLE_IDENTIFIER = "com.xu.---CollectionView--";
				PRODUCT_NAME = "$(TARGET_NAME)";
			};
			name = Release;
		};
		968C43881E0D567D0006778E /* Debug */ = {
			isa = XCBuildConfiguration;
			buildSettings = {
				BUNDLE_LOADER = "$(TEST_HOST)";
				INFOPLIST_FILE = "自定义CollectionView布局Tests/Info.plist";
				LD_RUNPATH_SEARCH_PATHS = "$(inherited) @executable_path/Frameworks @loader_path/Frameworks";
				PRODUCT_BUNDLE_IDENTIFIER = "com.xu.---CollectionView--Tests";
				PRODUCT_NAME = "$(TARGET_NAME)";
				TEST_HOST = "$(BUILT_PRODUCTS_DIR)/自定义CollectionView布局.app/自定义CollectionView布局";
			};
			name = Debug;
		};
		968C43891E0D567D0006778E /* Release */ = {
			isa = XCBuildConfiguration;
			buildSettings = {
				BUNDLE_LOADER = "$(TEST_HOST)";
				INFOPLIST_FILE = "自定义CollectionView布局Tests/Info.plist";
				LD_RUNPATH_SEARCH_PATHS = "$(inherited) @executable_path/Frameworks @loader_path/Frameworks";
				PRODUCT_BUNDLE_IDENTIFIER = "com.xu.---CollectionView--Tests";
				PRODUCT_NAME = "$(TARGET_NAME)";
				TEST_HOST = "$(BUILT_PRODUCTS_DIR)/自定义CollectionView布局.app/自定义CollectionView布局";
			};
			name = Release;
		};
		968C438B1E0D567D0006778E /* Debug */ = {
			isa = XCBuildConfiguration;
			buildSettings = {
				INFOPLIST_FILE = "自定义CollectionView布局UITests/Info.plist";
				LD_RUNPATH_SEARCH_PATHS = "$(inherited) @executable_path/Frameworks @loader_path/Frameworks";
				PRODUCT_BUNDLE_IDENTIFIER = "com.xu.---CollectionView--UITests";
				PRODUCT_NAME = "$(TARGET_NAME)";
				TEST_TARGET_NAME = "自定义CollectionView布局";
			};
			name = Debug;
		};
		968C438C1E0D567D0006778E /* Release */ = {
			isa = XCBuildConfiguration;
			buildSettings = {
				INFOPLIST_FILE = "自定义CollectionView布局UITests/Info.plist";
				LD_RUNPATH_SEARCH_PATHS = "$(inherited) @executable_path/Frameworks @loader_path/Frameworks";
				PRODUCT_BUNDLE_IDENTIFIER = "com.xu.---CollectionView--UITests";
				PRODUCT_NAME = "$(TARGET_NAME)";
				TEST_TARGET_NAME = "自定义CollectionView布局";
			};
			name = Release;
		};
/* End XCBuildConfiguration section */

/* Begin XCConfigurationList section */
		968C43521E0D567D0006778E /* Build configuration list for PBXProject "自定义CollectionView布局" */ = {
			isa = XCConfigurationList;
			buildConfigurations = (
				968C43821E0D567D0006778E /* Debug */,
				968C43831E0D567D0006778E /* Release */,
			);
			defaultConfigurationIsVisible = 0;
			defaultConfigurationName = Release;
		};
		968C43841E0D567D0006778E /* Build configuration list for PBXNativeTarget "自定义CollectionView布局" */ = {
			isa = XCConfigurationList;
			buildConfigurations = (
				968C43851E0D567D0006778E /* Debug */,
				968C43861E0D567D0006778E /* Release */,
			);
			defaultConfigurationIsVisible = 0;
		};
		968C43871E0D567D0006778E /* Build configuration list for PBXNativeTarget "自定义CollectionView布局Tests" */ = {
			isa = XCConfigurationList;
			buildConfigurations = (
				968C43881E0D567D0006778E /* Debug */,
				968C43891E0D567D0006778E /* Release */,
			);
			defaultConfigurationIsVisible = 0;
		};
		968C438A1E0D567D0006778E /* Build configuration list for PBXNativeTarget "自定义CollectionView布局UITests" */ = {
			isa = XCConfigurationList;
			buildConfigurations = (
				968C438B1E0D567D0006778E /* Debug */,
				968C438C1E0D567D0006778E /* Release */,
			);
			defaultConfigurationIsVisible = 0;
		};
/* End XCConfigurationList section */
	};
	rootObject = 968C434F1E0D567D0006778E /* Project object */;
}
